# THIS IS AN AUTOGENERATED FILE. DO NOT EDIT THIS FILE DIRECTLY.
# yarn lockfile v1


lodash@^4.17.11:
  version "4.17.21"
  resolved "https://registry.yarnpkg.com/lodash/-/lodash-4.17.21.tgz#679591c564c3bffaae8454cf0b3df370c3d6911c"
  integrity sha512-v2kDEe57lecTulaDIuNTPy3Ry4gLGJ6Z1O3vE1krgXZNrsQ+LFTGHVxVjcXPs17LhbZVGedAJv8XZ1tvj5FvSg==

moment@^2.22.2:
  version "2.24.0"
  resolved "https://registry.yarnpkg.com/moment/-/moment-2.24.0.tgz#0d055d53f5052aa653c9f6eb68bb5d12bf5c2b5b"
  integrity sha512-bV7f+6l2QigeBBZSM/6yTNq4P2fNpSWj/0e7jQcy87A8e7o2nAfP/34/2ky5Vw4B9S446EtIhodAzkFCcR4dQg==

react-native-thumbnail-a25av@^1.2.0:
  version "1.2.0"
  resolved "https://registry.yarnpkg.com/react-native-thumbnail-a25av/-/react-native-thumbnail-a25av-1.2.0.tgz#ebf077cd374f016e11b72c8c5e10aeafe8c4fd03"
  integrity sha512-8GRxvxaWeHRa+JLeBDH1lVhpyInUbpfktQjXbflOf5rfSH0Hd/L3efvFKd/AoSMufUW0JiTVP+TmdZj+xnxM2A==
