# THIS IS AN AUTOGENERATED FILE. DO NOT EDIT THIS FILE DIRECTLY.
# yarn lockfile v1


lodash@^4.17.11:
  version "4.17.15"
  resolved "https://registry.yarnpkg.com/lodash/-/lodash-4.17.15.tgz#b447f6670a0455bbfeedd11392eff330ea097548"
  integrity sha512-8xOcRHvCjnocdS5cpwXQXVzmmh5e5+saE2QGoeQmbKmRS6J3VQppPOIt0MnmE+4xlZoumy0GPG0D0MVIQbNA1A==

moment@^2.22.2:
  version "2.29.2"
  resolved "https://registry.yarnpkg.com/moment/-/moment-2.29.2.tgz#00910c60b20843bcba52d37d58c628b47b1f20e4"
  integrity sha512-UgzG4rvxYpN15jgCmVJwac49h9ly9NurikMWGPdVxm8GZD6XjkKPxDTjQQ43gtGgnV3X0cAyWDdP2Wexoquifg==

react-native-thumbnail-a25av@^1.2.0:
  version "1.2.0"
  resolved "https://registry.yarnpkg.com/react-native-thumbnail-a25av/-/react-native-thumbnail-a25av-1.2.0.tgz#ebf077cd374f016e11b72c8c5e10aeafe8c4fd03"
  integrity sha512-8GRxvxaWeHRa+JLeBDH1lVhpyInUbpfktQjXbflOf5rfSH0Hd/L3efvFKd/AoSMufUW0JiTVP+TmdZj+xnxM2A==
